
Microsoft Visual Studio Solution File, Format Version 12.00
# Visual Studio Version 16
VisualStudioVersion = 16.0.32630.194
MinimumVisualStudioVersion = 10.0.40219.1
Project("{FAE04EC0-301F-11D3-BF4B-00C04F79EFBC}") = "Boletos", "Boletos\Boletos.csproj", "{BFEF3110-E64B-4CFE-BABE-02D907A75D9F}"
EndProject
Global
	GlobalSection(SolutionConfigurationPlatforms) = preSolution
		Debug|Any CPU = Debug|Any CPU
		Release|Any CPU = Release|Any CPU
	EndGlobalSection
	GlobalSection(ProjectConfigurationPlatforms) = postSolution
		{BFEF3110-E64B-4CFE-BABE-02D907A75D9F}.Debug|Any CPU.ActiveCfg = Debug|Any CPU
		{BFEF3110-E64B-4CFE-BABE-02D907A75D9F}.Debug|Any CPU.Build.0 = Debug|Any CPU
		{BFEF3110-E64B-4CFE-BABE-02D907A75D9F}.Release|Any CPU.ActiveCfg = Release|Any CPU
		{BFEF3110-E64B-4CFE-BABE-02D907A75D9F}.Release|Any CPU.Build.0 = Release|Any CPU
	EndGlobalSection
	GlobalSection(SolutionProperties) = preSolution
		HideSolutionNode = FALSE
	EndGlobalSection
	GlobalSection(ExtensibilityGlobals) = postSolution
		SolutionGuid = {D99DD14D-65E3-4C35-81A7-344F8B227D32}
	EndGlobalSection
EndGlobal
